// !$*UTF8*$!
{
	archiveVersion = 1;
	classes = {
	};
	objectVersion = 46;
	objects = {

/* Begin PBXBuildFile section */
		2BD6A4291DB95B0300E2781F /* AppDelegate.swift in Sources */ = {isa = PBXBuildFile; fileRef = 2BD6A4281DB95B0300E2781F /* AppDelegate.swift */; };
		2BD6A42B1DB95B0300E2781F /* ViewController.swift in Sources */ = {isa = PBXBuildFile; fileRef = 2BD6A42A1DB95B0300E2781F /* ViewController.swift */; };
		2BD6A42E1DB95B0300E2781F /* Main.storyboard in Resources */ = {isa = PBXBuildFile; fileRef = 2BD6A42C1DB95B0300E2781F /* Main.storyboard */; };
		2BD6A4301DB95B0300E2781F /* Assets.xcassets in Resources */ = {isa = PBXBuildFile; fileRef = 2BD6A42F1DB95B0300E2781F /* Assets.xcassets */; };
		2BD6A4331DB95B0300E2781F /* LaunchScreen.storyboard in Resources */ = {isa = PBXBuildFile; fileRef = 2BD6A4311DB95B0300E2781F /* LaunchScreen.storyboard */; };
/* End PBXBuildFile section */

/* Begin PBXFileReference section */
		2BD6A4251DB95B0300E2781F /* StarscreamCrash.app */ = {isa = PBXFileReference; explicitFileType = wrapper.application; includeInIndex = 0; path = StarscreamCrash.app; sourceTree = BUILT_PRODUCTS_DIR; };
		2BD6A4281DB95B0300E2781F /* AppDelegate.swift */ = {isa = PBXFileReference; lastKnownFileType = sourcecode.swift; path = AppDelegate.swift; sourceTree = "<group>"; };
		2BD6A42A1DB95B0300E2781F /* ViewController.swift */ = {isa = PBXFileReference; lastKnownFileType = sourcecode.swift; path = ViewController.swift; sourceTree = "<group>"; };
		2BD6A42D1DB95B0300E2781F /* Base */ = {isa = PBXFileReference; lastKnownFileType = file.storyboard; name = Base; path = Base.lproj/Main.storyboard; sourceTree = "<group>"; };
		2BD6A42F1DB95B0300E2781F /* Assets.xcassets */ = {isa = PBXFileReference; lastKnownFileType = folder.assetcatalog; path = Assets.xcassets; sourceTree = "<group>"; };
		2BD6A4321DB95B0300E2781F /* Base */ = {isa = PBXFileReference; lastKnownFileType = file.storyboard; name = Base; path = Base.lproj/LaunchScreen.storyboard; sourceTree = "<group>"; };
		2BD6A4341DB95B0300E2781F /* Info.plist */ = {isa = PBXFileReference; lastKnownFileType = text.plist.xml; path = Info.plist; sourceTree = "<group>"; };
/* End PBXFileReference section */

/* Begin PBXFrameworksBuildPhase section */
		2BD6A4221DB95B0300E2781F /* Frameworks */ = {
			isa = PBXFrameworksBuildPhase;
			buildActionMask = 2147483647;
			files = (
			);
			runOnlyForDeploymentPostprocessing = 0;
		};
/* End PBXFrameworksBuildPhase section */

/* Begin PBXGroup section */
		2BD6A41C1DB95B0300E2781F = {
			isa = PBXGroup;
			children = (
				2BD6A4271DB95B0300E2781F /* StarscreamCrash */,
				2BD6A4261DB95B0300E2781F /* Products */,
			);
			sourceTree = "<group>";
		};
		2BD6A4261DB95B0300E2781F /* Products */ = {
			isa = PBXGroup;
			children = (
				2BD6A4251DB95B0300E2781F /* StarscreamCrash.app */,
			);
			name = Products;
			sourceTree = "<group>";
		};
		2BD6A4271DB95B0300E2781F /* StarscreamCrash */ = {
			isa = PBXGroup;
			children = (
				2BD6A4281DB95B0300E2781F /* AppDelegate.swift */,
				2BD6A42A1DB95B0300E2781F /* ViewController.swift */,
				2BD6A42C1DB95B0300E2781F /* Main.storyboard */,
				2BD6A42F1DB95B0300E2781F /* Assets.xcassets */,
				2BD6A4311DB95B0300E2781F /* LaunchScreen.storyboard */,
				2BD6A4341DB95B0300E2781F /* Info.plist */,
			);
			path = StarscreamCrash;
			sourceTree = "<group>";
		};
/* End PBXGroup section */

/* Begin PBXNativeTarget section */
		2BD6A4241DB95B0300E2781F /* StarscreamCrash */ = {
			isa = PBXNativeTarget;
			buildConfigurationList = 2BD6A4371DB95B0300E2781F /* Build configuration list for PBXNativeTarget "StarscreamCrash" */;
			buildPhases = (
				2BD6A4211DB95B0300E2781F /* Sources */,
				2BD6A4221DB95B0300E2781F /* Frameworks */,
				2BD6A4231DB95B0300E2781F /* Resources */,
			);
			buildRules = (
			);
			dependencies = (
			);
			name = StarscreamCrash;
			productName = StarscreamCrash;
			productReference = 2BD6A4251DB95B0300E2781F /* StarscreamCrash.app */;
			productType = "com.apple.product-type.application";
		};
/* End PBXNativeTarget section */

/* Begin PBXProject section */
		2BD6A41D1DB95B0300E2781F /* Project object */ = {
			isa = PBXProject;
			attributes = {
				LastSwiftUpdateCheck = 0800;
				LastUpgradeCheck = 0800;
				ORGANIZATIONNAME = chaf;
				TargetAttributes = {
					2BD6A4241DB95B0300E2781F = {
						CreatedOnToolsVersion = 8.0;
						DevelopmentTeam = H7TG4MJ93Z;
						ProvisioningStyle = Automatic;
					};
				};
			};
			buildConfigurationList = 2BD6A4201DB95B0300E2781F /* Build configuration list for PBXProject "StarscreamCrash" */;
			compatibilityVersion = "Xcode 3.2";
			developmentRegion = English;
			hasScannedForEncodings = 0;
			knownRegions = (
				en,
				Base,
			);
			mainGroup = 2BD6A41C1DB95B0300E2781F;
			productRefGroup = 2BD6A4261DB95B0300E2781F /* Products */;
			projectDirPath = "";
			projectRoot = "";
			targets = (
				2BD6A4241DB95B0300E2781F /* StarscreamCrash */,
			);
		};
/* End PBXProject section */

/* Begin PBXResourcesBuildPhase section */
		2BD6A4231DB95B0300E2781F /* Resources */ = {
			isa = PBXResourcesBuildPhase;
			buildActionMask = 2147483647;
			files = (
				2BD6A4331DB95B0300E2781F /* LaunchScreen.storyboard in Resources */,
				2BD6A4301DB95B0300E2781F /* Assets.xcassets in Resources */,
				2BD6A42E1DB95B0300E2781F /* Main.storyboard in Resources */,
			);
			runOnlyForDeploymentPostprocessing = 0;
		};
/* End PBXResourcesBuildPhase section */

/* Begin PBXSourcesBuildPhase section */
		2BD6A4211DB95B0300E2781F /* Sources */ = {
			isa = PBXSourcesBuildPhase;
			buildActionMask = 2147483647;
			files = (
				2BD6A42B1DB95B0300E2781F /* ViewController.swift in Sources */,
				2BD6A4291DB95B0300E2781F /* AppDelegate.swift in Sources */,
			);
			runOnlyForDeploymentPostprocessing = 0;
		};
/* End PBXSourcesBuildPhase section */

/* Begin PBXVariantGroup section */
		2BD6A42C1DB95B0300E2781F /* Main.storyboard */ = {
			isa = PBXVariantGroup;
			children = (
				2BD6A42D1DB95B0300E2781F /* Base */,
			);
			name = Main.storyboard;
			sourceTree = "<group>";
		};
		2BD6A4311DB95B0300E2781F /* LaunchScreen.storyboard */ = {
			isa = PBXVariantGroup;
			children = (
				2BD6A4321DB95B0300E2781F /* Base */,
			);
			name = LaunchScreen.storyboard;
			sourceTree = "<group>";
		};
/* End PBXVariantGroup section */

/* Begin XCBuildConfiguration section */
		2BD6A4351DB95B0300E2781F /* Debug */ = {
			isa = XCBuildConfiguration;
			buildSettings = {
				ALWAYS_SEARCH_USER_PATHS = NO;
				CLANG_ANALYZER_NONNULL = YES;
				CLANG_CXX_LANGUAGE_STANDARD = "gnu++0x";
				CLANG_CXX_LIBRARY = "libc++";
				CLANG_ENABLE_MODULES = YES;
				CLANG_ENABLE_OBJC_ARC = YES;
				CLANG_WARN_BOOL_CONVERSION = YES;
				CLANG_WARN_CONSTANT_CONVERSION = YES;
				CLANG_WARN_DIRECT_OBJC_ISA_USAGE = YES_ERROR;
				CLANG_WARN_DOCUMENTATION_COMMENTS = YES;
				CLANG_WARN_EMPTY_BODY = YES;
				CLANG_WARN_ENUM_CONVERSION = YES;
				CLANG_WARN_INFINITE_RECURSION = YES;
				CLANG_WARN_INT_CONVERSION = YES;
				CLANG_WARN_OBJC_ROOT_CLASS = YES_ERROR;
				CLANG_WARN_SUSPICIOUS_MOVES = YES;
				CLANG_WARN_UNREACHABLE_CODE = YES;
				CLANG_WARN__DUPLICATE_METHOD_MATCH = YES;
				"CODE_SIGN_IDENTITY[sdk=iphoneos*]" = "iPhone Developer";
				COPY_PHASE_STRIP = NO;
				DEBUG_INFORMATION_FORMAT = dwarf;
				ENABLE_STRICT_OBJC_MSGSEND = YES;
				ENABLE_TESTABILITY = YES;
				GCC_C_LANGUAGE_STANDARD = gnu99;
				GCC_DYNAMIC_NO_PIC = NO;
				GCC_NO_COMMON_BLOCKS = YES;
				GCC_OPTIMIZATION_LEVEL = 0;
				GCC_PREPROCESSOR_DEFINITIONS = (
					"DEBUG=1",
					"$(inherited)",
				);
				GCC_WARN_64_TO_32_BIT_CONVERSION = YES;
				GCC_WARN_ABOUT_RETURN_TYPE = YES_ERROR;
				GCC_WARN_UNDECLARED_SELECTOR = YES;
				GCC_WARN_UNINITIALIZED_AUTOS = YES_AGGRESSIVE;
				GCC_WARN_UNUSED_FUNCTION = YES;
				GCC_WARN_UNUSED_VARIABLE = YES;
				IPHONEOS_DEPLOYMENT_TARGET = 10.0;
				MTL_ENABLE_DEBUG_INFO = YES;
				ONLY_ACTIVE_ARCH = YES;
				SDKROOT = iphoneos;
				SWIFT_ACTIVE_COMPILATION_CONDITIONS = DEBUG;
				SWIFT_OPTIMIZATION_LEVEL = "-Onone";
				TARGETED_DEVICE_FAMILY = "1,2";
			};
			name = Debug;
		};
		2BD6A4361DB95B0300E2781F /* Release */ = {
			isa = XCBuildConfiguration;
			buildSettings = {
				ALWAYS_SEARCH_USER_PATHS = NO;
				CLANG_ANALYZER_NONNULL = YES;
				CLANG_CXX_LANGUAGE_STANDARD = "gnu++0x";
				CLANG_CXX_LIBRARY = "libc++";
				CLANG_ENABLE_MODULES = YES;
				CLANG_ENABLE_OBJC_ARC = YES;
				CLANG_WARN_BOOL_CONVERSION = YES;
				CLANG_WARN_CONSTANT_CONVERSION = YES;
				CLANG_WARN_DIRECT_OBJC_ISA_USAGE = YES_ERROR;
				CLANG_WARN_DOCUMENTATION_COMMENTS = YES;
				CLANG_WARN_EMPTY_BODY = YES;
				CLANG_WARN_ENUM_CONVERSION = YES;
				CLANG_WARN_INFINITE_RECURSION = YES;
				CLANG_WARN_INT_CONVERSION = YES;
				CLANG_WARN_OBJC_ROOT_CLASS = YES_ERROR;
				CLANG_WARN_SUSPICIOUS_MOVES = YES;
				CLANG_WARN_UNREACHABLE_CODE = YES;
				CLANG_WARN__DUPLICATE_METHOD_MATCH = YES;
				"CODE_SIGN_IDENTITY[sdk=iphoneos*]" = "iPhone Developer";
				COPY_PHASE_STRIP = NO;
				DEBUG_INFORMATION_FORMAT = "dwarf-with-dsym";
				ENABLE_NS_ASSERTIONS = NO;
				ENABLE_STRICT_OBJC_MSGSEND = YES;
				GCC_C_LANGUAGE_STANDARD = gnu99;
				GCC_NO_COMMON_BLOCKS = YES;
				GCC_WARN_64_TO_32_BIT_CONVERSION = YES;
				GCC_WARN_ABOUT_RETURN_TYPE = YES_ERROR;
				GCC_WARN_UNDECLARED_SELECTOR = YES;
				GCC_WARN_UNINITIALIZED_AUTOS = YES_AGGRESSIVE;
				GCC_WARN_UNUSED_FUNCTION = YES;
				GCC_WARN_UNUSED_VARIABLE = YES;
				IPHONEOS_DEPLOYMENT_TARGET = 10.0;
				MTL_ENABLE_DEBUG_INFO = NO;
				SDKROOT = iphoneos;
				SWIFT_OPTIMIZATION_LEVEL = "-Owholemodule";
				TARGETED_DEVICE_FAMILY = "1,2";
				VALIDATE_PRODUCT = YES;
			};
			name = Release;
		};
		2BD6A4381DB95B0300E2781F /* Debug */ = {
			isa = XCBuildConfiguration;
			buildSettings = {
				ASSETCATALOG_COMPILER_APPICON_NAME = AppIcon;
				DEVELOPMENT_TEAM = H7TG4MJ93Z;
				INFOPLIST_FILE = StarscreamCrash/Info.plist;
				LD_RUNPATH_SEARCH_PATHS = "$(inherited) @executable_path/Frameworks";
				PRODUCT_BUNDLE_IDENTIFIER = me.chaf.StarscreamCrash;
				PRODUCT_NAME = "$(TARGET_NAME)";
				SWIFT_VERSION = 3.0;
			};
			name = Debug;
		};
		2BD6A4391DB95B0300E2781F /* Release */ = {
			isa = XCBuildConfiguration;
			buildSettings = {
				ASSETCATALOG_COMPILER_APPICON_NAME = AppIcon;
				DEVELOPMENT_TEAM = H7TG4MJ93Z;
				INFOPLIST_FILE = StarscreamCrash/Info.plist;
				LD_RUNPATH_SEARCH_PATHS = "$(inherited) @executable_path/Frameworks";
				PRODUCT_BUNDLE_IDENTIFIER = me.chaf.StarscreamCrash;
				PRODUCT_NAME = "$(TARGET_NAME)";
				SWIFT_VERSION = 3.0;
			};
			name = Release;
		};
/* End XCBuildConfiguration section */

/* Begin XCConfigurationList section */
		2BD6A4201DB95B0300E2781F /* Build configuration list for PBXProject "StarscreamCrash" */ = {
			isa = XCConfigurationList;
			buildConfigurations = (
				2BD6A4351DB95B0300E2781F /* Debug */,
				2BD6A4361DB95B0300E2781F /* Release */,
			);
			defaultConfigurationIsVisible = 0;
			defaultConfigurationName = Release;
		};
		2BD6A4371DB95B0300E2781F /* Build configuration list for PBXNativeTarget "StarscreamCrash" */ = {
			isa = XCConfigurationList;
			buildConfigurations = (
				2BD6A4381DB95B0300E2781F /* Debug */,
				2BD6A4391DB95B0300E2781F /* Release */,
			);
			defaultConfigurationIsVisible = 0;
		};
/* End XCConfigurationList section */
	};
	rootObject = 2BD6A41D1DB95B0300E2781F /* Project object */;
}
